
Microsoft Visual Studio Solution File, Format Version 12.00
# Visual Studio Version 17
VisualStudioVersion = 17.2.32505.173
MinimumVisualStudioVersion = 10.0.40219.1
Project("{2150E333-8FDC-42A3-9474-1A3956D46DE8}") = "Allors", "Allors", "{D494C3BD-C224-4F0B-9F80-E557C5004D34}"
EndProject
Project("{2150E333-8FDC-42A3-9474-1A3956D46DE8}") = "Database", "Database", "{B44B0DF2-979E-4BEE-B1E4-3B1928B23638}"
EndProject
Project("{2150E333-8FDC-42A3-9474-1A3956D46DE8}") = "Repository", "Repository", "{2E1072E0-A634-4F28-ACE6-B45E05BFEC8B}"
EndProject
Project("{2150E333-8FDC-42A3-9474-1A3956D46DE8}") = "Workspace", "Workspace", "{5CFB382A-20C4-4031-A42B-5B4AFD6501DD}"
EndProject
Project("{9A19103F-16F7-4668-BE54-9A1E7A4F7556}") = "Commands", "dotnet\Database\Commands\Commands.csproj", "{D9846BFF-C6F0-4C63-A630-BE0AAEBF7D5A}"
EndProject
Project("{9A19103F-16F7-4668-BE54-9A1E7A4F7556}") = "Domain", "dotnet\Database\Domain\Domain.csproj", "{827BFEBC-F8FC-48ED-8FF4-866E9EB894B2}"
EndProject
Project("{9A19103F-16F7-4668-BE54-9A1E7A4F7556}") = "Domain.Tests", "dotnet\Database\Domain.Tests\Domain.Tests.csproj", "{42E5FFD6-B902-4563-9C57-9A9CC158F2B4}"
EndProject
Project("{9A19103F-16F7-4668-BE54-9A1E7A4F7556}") = "Generate", "dotnet\Database\Generate\Generate.csproj", "{F92DFA69-3FDA-450C-874F-2E195879D043}"
EndProject
Project("{9A19103F-16F7-4668-BE54-9A1E7A4F7556}") = "Meta", "dotnet\Database\Meta\Meta.csproj", "{809F36E5-F7A2-4946-A369-B845F90DD9EE}"
EndProject
Project("{9A19103F-16F7-4668-BE54-9A1E7A4F7556}") = "Resources", "dotnet\Database\Resources\Resources.csproj", "{AEA025F1-5304-45AD-B1F1-7F7973EE6AED}"
EndProject
Project("{9A19103F-16F7-4668-BE54-9A1E7A4F7556}") = "Repository", "dotnet\Repository\Domain\Repository.csproj", "{16D8DE42-25F5-4FD9-87D4-0FB1ABFA3EE2}"
EndProject
Project("{9A19103F-16F7-4668-BE54-9A1E7A4F7556}") = "Workspace.Domain", "dotnet\Workspace\Domain\Workspace.Domain.csproj", "{71278842-0445-4429-801A-CBE039A31F9E}"
EndProject
Project("{9A19103F-16F7-4668-BE54-9A1E7A4F7556}") = "Workspace.Meta", "dotnet\Workspace\Meta\Workspace.Meta.csproj", "{75B2E52A-C4B9-49A2-9296-EDEA1F985149}"
EndProject
Project("{9A19103F-16F7-4668-BE54-9A1E7A4F7556}") = "Server", "dotnet\Database\Server\Server.csproj", "{05CA4011-A2BC-4F15-96E3-1AFBBEA333FC}"
EndProject
Project("{9A19103F-16F7-4668-BE54-9A1E7A4F7556}") = "TestPopulation", "dotnet\Database\TestPopulation\TestPopulation.csproj", "{9D605953-25C3-4800-8F66-C7A4CE152058}"
EndProject
Project("{9A19103F-16F7-4668-BE54-9A1E7A4F7556}") = "Excel", "dotnet\Workspace\Excel\Excel.csproj", "{F8B4F2CE-D23F-44D9-894E-4F561109AAF1}"
EndProject
Project("{9A19103F-16F7-4668-BE54-9A1E7A4F7556}") = "Configuration", "dotnet\Database\Configuration\Configuration.csproj", "{73D8EE75-D6F4-4A98-86EA-6C4D5B1B3770}"
EndProject
Project("{9A19103F-16F7-4668-BE54-9A1E7A4F7556}") = "Allors.Database.Adapters", "allors\dotnet\System\Database\Adapters\Allors.Database.Adapters\Allors.Database.Adapters.csproj", "{320EB4E0-F9DC-4F8F-949D-9888EB3479C2}"
EndProject
Project("{9A19103F-16F7-4668-BE54-9A1E7A4F7556}") = "Allors.Database.Adapters.Memory", "allors\dotnet\System\Database\Adapters\Allors.Database.Adapters.Memory\Allors.Database.Adapters.Memory.csproj", "{FCEEBC92-BAF8-4D07-AD06-E97C66D44EB8}"
EndProject
Project("{9A19103F-16F7-4668-BE54-9A1E7A4F7556}") = "Allors.Database.Adapters.Sql", "allors\dotnet\System\Database\Adapters\Allors.Database.Adapters.Sql\Allors.Database.Adapters.Sql.csproj", "{6AFA7AA9-E454-4B9B-B639-E60013B46E5B}"
EndProject
Project("{9A19103F-16F7-4668-BE54-9A1E7A4F7556}") = "Allors.Database.Adapters.Sql.SqlClient", "allors\dotnet\System\Database\Adapters\Allors.Database.Adapters.Sql.SqlClient\Allors.Database.Adapters.Sql.SqlClient.csproj", "{D7D571E5-8B61-4E13-8A4C-CD436041D06C}"
EndProject
Project("{9A19103F-16F7-4668-BE54-9A1E7A4F7556}") = "Allors.Database.Adapters.Sql.Npgsql", "allors\dotnet\System\Database\Adapters\Allors.Database.Adapters.Sql.Npgsql\Allors.Database.Adapters.Sql.Npgsql.csproj", "{752C21A8-B6B2-4CBE-B363-2CED8C443304}"
EndProject
Project("{9A19103F-16F7-4668-BE54-9A1E7A4F7556}") = "Allors.Protocol.Json", "allors\dotnet\System\Protocol\Allors.Protocol.Json\Allors.Protocol.Json.csproj", "{CDD0820F-BC1D-4594-9937-5B7020C3BA3B}"
EndProject
Project("{9A19103F-16F7-4668-BE54-9A1E7A4F7556}") = "Allors.Protocol.Json.SystemText", "allors\dotnet\System\Protocol\Allors.Protocol.Json.SystemText\Allors.Protocol.Json.SystemText.csproj", "{7FFA7DA7-F181-4F76-950C-22EDA21F23C8}"
EndProject
Project("{9A19103F-16F7-4668-BE54-9A1E7A4F7556}") = "Allors.Database.Builder", "allors\dotnet\System\Database\Adapters\Allors.Database.Builder\Allors.Database.Builder.csproj", "{9F82FCD5-4594-4273-9B0B-A2D7A0FEBB2F}"
EndProject
Project("{9A19103F-16F7-4668-BE54-9A1E7A4F7556}") = "Configuration.Tests", "dotnet\Database\Configuration.Tests\Configuration.Tests.csproj", "{AC50A337-4BC3-4A76-8A14-B627B2BDD95D}"
EndProject
Project("{9A19103F-16F7-4668-BE54-9A1E7A4F7556}") = "Allors.Workspace.Meta", "allors\dotnet\System\Workspace\Allors.Workspace.Meta\Allors.Workspace.Meta.csproj", "{F899B3AD-8353-4C15-AB84-DEFE9F8DE000}"
EndProject
Project("{9A19103F-16F7-4668-BE54-9A1E7A4F7556}") = "Allors.Workspace.Domain", "allors\dotnet\System\Workspace\Allors.Workspace.Domain\Allors.Workspace.Domain.csproj", "{920BE4CC-B64E-47E4-9563-D03B792C72E7}"
EndProject
Project("{9A19103F-16F7-4668-BE54-9A1E7A4F7556}") = "Workspace.Meta.Lazy", "dotnet\Workspace\Meta.Lazy\Workspace.Meta.Lazy.csproj", "{09DB2105-F25B-4ACD-B1B6-5106E4078981}"
EndProject
Project("{9A19103F-16F7-4668-BE54-9A1E7A4F7556}") = "Allors.Workspace.Meta.Lazy", "allors\dotnet\System\Workspace\Allors.Workspace.Meta.lazy\Allors.Workspace.Meta.Lazy.csproj", "{665A4115-F682-4D8E-BFD2-F814C6AE5BD9}"
EndProject
Project("{9A19103F-16F7-4668-BE54-9A1E7A4F7556}") = "Allors.Database.Workspace", "allors\dotnet\System\Database\Allors.Database.Workspace\Allors.Database.Workspace.csproj", "{AF0C5D17-1703-43E6-B6D8-D33B2FEC18C6}"
EndProject
Project("{9A19103F-16F7-4668-BE54-9A1E7A4F7556}") = "Allors.Shared", "allors\dotnet\System\Shared\Allors.Shared.csproj", "{2D02A687-11EC-41C0-821A-2328E2CE16D2}"
EndProject
Project("{9A19103F-16F7-4668-BE54-9A1E7A4F7556}") = "Allors.Database", "allors\dotnet\System\Database\Allors.Database\Allors.Database.csproj", "{62F1419F-82DF-485A-A9A3-EFBA7BFFC38D}"
EndProject
Project("{9A19103F-16F7-4668-BE54-9A1E7A4F7556}") = "Allors.Database.Workspace.Json", "allors\dotnet\System\Database\Allors.Database.Workspace.Json\Allors.Database.Workspace.Json.csproj", "{BFA46BB9-3B88-436C-8870-8B04AD93FFC1}"
EndProject
Project("{9A19103F-16F7-4668-BE54-9A1E7A4F7556}") = "Merge", "allors\dotnet\Core\Database\Merge\Merge.csproj", "{E99FCF11-0A2F-42F4-928D-D5A0624C7FDB}"
EndProject
Project("{2150E333-8FDC-42A3-9474-1A3956D46DE8}") = "excel", "excel", "{D57C9D1C-979D-4E23-9AC4-AE913579D7BA}"
EndProject
Project("{9A19103F-16F7-4668-BE54-9A1E7A4F7556}") = "Allors.Excel", "excel\src\Allors.Excel\Allors.Excel.csproj", "{02ADFDA7-7658-4019-81F1-81ADE3FBA885}"
EndProject
Project("{9A19103F-16F7-4668-BE54-9A1E7A4F7556}") = "Allors.Excel.Headless", "excel\src\Allors.Excel.Headless\Allors.Excel.Headless.csproj", "{9419A3B4-DA4E-49D6-B0EE-F9A5B364DEB6}"
EndProject
Project("{9A19103F-16F7-4668-BE54-9A1E7A4F7556}") = "Allors.Excel.Interop", "excel\src\Allors.Excel.Interop\Allors.Excel.Interop.csproj", "{D8BF4931-E018-4634-A749-DC73BF632A11}"
EndProject
Project("{9A19103F-16F7-4668-BE54-9A1E7A4F7556}") = "Allors.Workspace.Adapters.Remote.RestSharp", "allors\dotnet\System\Workspace\Adapters\Allors.Workspace.Adapters.Remote.RestSharp\Allors.Workspace.Adapters.Remote.RestSharp.csproj", "{83E7D96C-6734-4228-8654-AC61A2FA4B46}"
EndProject
Project("{9A19103F-16F7-4668-BE54-9A1E7A4F7556}") = "Allors.Protocol.Json.RestSharp", "allors\dotnet\System\Protocol\Allors.Protocol.Json.RestSharp\Allors.Protocol.Json.RestSharp.csproj", "{F7A66FDD-6EFA-4042-AD3D-EA491BCC45DF}"
EndProject
Project("{9A19103F-16F7-4668-BE54-9A1E7A4F7556}") = "Allors.Workspace.Adapters", "allors\dotnet\System\Workspace\Adapters\Allors.Workspace.Adapters\Allors.Workspace.Adapters.csproj", "{A495E156-A0D3-4DCF-A49A-AD46AFE3B9A3}"
EndProject
Project("{9A19103F-16F7-4668-BE54-9A1E7A4F7556}") = "Allors.Workspace.Adapters.Remote", "allors\dotnet\System\Workspace\Adapters\Allors.Workspace.Adapters.Remote\Allors.Workspace.Adapters.Remote.csproj", "{5C8924F2-E4EE-4F08-AF3E-A8B8799DFC02}"
EndProject
Project("{9A19103F-16F7-4668-BE54-9A1E7A4F7556}") = "Allors.Workspace.Protocol.Json", "allors\dotnet\System\Workspace\Allors.Workspace.Protocol.Json\Allors.Workspace.Protocol.Json.csproj", "{6FB386CE-0528-4891-B526-F3410E1E4C14}"
EndProject
Project("{9A19103F-16F7-4668-BE54-9A1E7A4F7556}") = "Allors.Database.Adapters.Tracing", "allors\dotnet\System\Database\Adapters\Allors.Database.Adapters.tracing\Allors.Database.Adapters.Tracing.csproj", "{EE1E8EE8-4816-4D66-853A-1710E79B5FAE}"
EndProject
Project("{9A19103F-16F7-4668-BE54-9A1E7A4F7556}") = "WindowsForms", "dotnet\Workspace\WindowsForms\WindowsForms.csproj", "{EB242609-BC73-47BE-AF67-768EA6319186}"
EndProject
Project("{9A19103F-16F7-4668-BE54-9A1E7A4F7556}") = "Workspace.Configuration", "dotnet\Workspace\Configuration\Workspace.Configuration.csproj", "{335A7630-64B1-4070-A997-3D44A3AFE2BF}"
EndProject
Project("{9A19103F-16F7-4668-BE54-9A1E7A4F7556}") = "Kickstart", "dotnet\Workspace\Kickstart\Kickstart.csproj", "{6BB1509B-BCBC-48AD-8AC3-2DC14E60CA84}"
EndProject
Global
	GlobalSection(SolutionConfigurationPlatforms) = preSolution
		Debug|Any CPU = Debug|Any CPU
		Release|Any CPU = Release|Any CPU
	EndGlobalSection
	GlobalSection(ProjectConfigurationPlatforms) = postSolution
		{D9846BFF-C6F0-4C63-A630-BE0AAEBF7D5A}.Debug|Any CPU.ActiveCfg = Debug|Any CPU
		{D9846BFF-C6F0-4C63-A630-BE0AAEBF7D5A}.Debug|Any CPU.Build.0 = Debug|Any CPU
		{D9846BFF-C6F0-4C63-A630-BE0AAEBF7D5A}.Release|Any CPU.ActiveCfg = Release|Any CPU
		{D9846BFF-C6F0-4C63-A630-BE0AAEBF7D5A}.Release|Any CPU.Build.0 = Release|Any CPU
		{827BFEBC-F8FC-48ED-8FF4-866E9EB894B2}.Debug|Any CPU.ActiveCfg = Debug|Any CPU
		{827BFEBC-F8FC-48ED-8FF4-866E9EB894B2}.Debug|Any CPU.Build.0 = Debug|Any CPU
		{827BFEBC-F8FC-48ED-8FF4-866E9EB894B2}.Release|Any CPU.ActiveCfg = Release|Any CPU
		{827BFEBC-F8FC-48ED-8FF4-866E9EB894B2}.Release|Any CPU.Build.0 = Release|Any CPU
		{42E5FFD6-B902-4563-9C57-9A9CC158F2B4}.Debug|Any CPU.ActiveCfg = Debug|Any CPU
		{42E5FFD6-B902-4563-9C57-9A9CC158F2B4}.Debug|Any CPU.Build.0 = Debug|Any CPU
		{42E5FFD6-B902-4563-9C57-9A9CC158F2B4}.Release|Any CPU.ActiveCfg = Release|Any CPU
		{42E5FFD6-B902-4563-9C57-9A9CC158F2B4}.Release|Any CPU.Build.0 = Release|Any CPU
		{F92DFA69-3FDA-450C-874F-2E195879D043}.Debug|Any CPU.ActiveCfg = Debug|Any CPU
		{F92DFA69-3FDA-450C-874F-2E195879D043}.Debug|Any CPU.Build.0 = Debug|Any CPU
		{F92DFA69-3FDA-450C-874F-2E195879D043}.Release|Any CPU.ActiveCfg = Release|Any CPU
		{F92DFA69-3FDA-450C-874F-2E195879D043}.Release|Any CPU.Build.0 = Release|Any CPU
		{809F36E5-F7A2-4946-A369-B845F90DD9EE}.Debug|Any CPU.ActiveCfg = Debug|Any CPU
		{809F36E5-F7A2-4946-A369-B845F90DD9EE}.Debug|Any CPU.Build.0 = Debug|Any CPU
		{809F36E5-F7A2-4946-A369-B845F90DD9EE}.Release|Any CPU.ActiveCfg = Release|Any CPU
		{809F36E5-F7A2-4946-A369-B845F90DD9EE}.Release|Any CPU.Build.0 = Release|Any CPU
		{AEA025F1-5304-45AD-B1F1-7F7973EE6AED}.Debug|Any CPU.ActiveCfg = Debug|Any CPU
		{AEA025F1-5304-45AD-B1F1-7F7973EE6AED}.Debug|Any CPU.Build.0 = Debug|Any CPU
		{AEA025F1-5304-45AD-B1F1-7F7973EE6AED}.Release|Any CPU.ActiveCfg = Release|Any CPU
		{AEA025F1-5304-45AD-B1F1-7F7973EE6AED}.Release|Any CPU.Build.0 = Release|Any CPU
		{16D8DE42-25F5-4FD9-87D4-0FB1ABFA3EE2}.Debug|Any CPU.ActiveCfg = Debug|Any CPU
		{16D8DE42-25F5-4FD9-87D4-0FB1ABFA3EE2}.Debug|Any CPU.Build.0 = Debug|Any CPU
		{16D8DE42-25F5-4FD9-87D4-0FB1ABFA3EE2}.Release|Any CPU.ActiveCfg = Release|Any CPU
		{16D8DE42-25F5-4FD9-87D4-0FB1ABFA3EE2}.Release|Any CPU.Build.0 = Release|Any CPU
		{71278842-0445-4429-801A-CBE039A31F9E}.Debug|Any CPU.ActiveCfg = Debug|Any CPU
		{71278842-0445-4429-801A-CBE039A31F9E}.Debug|Any CPU.Build.0 = Debug|Any CPU
		{71278842-0445-4429-801A-CBE039A31F9E}.Release|Any CPU.ActiveCfg = Release|Any CPU
		{71278842-0445-4429-801A-CBE039A31F9E}.Release|Any CPU.Build.0 = Release|Any CPU
		{75B2E52A-C4B9-49A2-9296-EDEA1F985149}.Debug|Any CPU.ActiveCfg = Debug|Any CPU
		{75B2E52A-C4B9-49A2-9296-EDEA1F985149}.Debug|Any CPU.Build.0 = Debug|Any CPU
		{75B2E52A-C4B9-49A2-9296-EDEA1F985149}.Release|Any CPU.ActiveCfg = Release|Any CPU
		{75B2E52A-C4B9-49A2-9296-EDEA1F985149}.Release|Any CPU.Build.0 = Release|Any CPU
		{05CA4011-A2BC-4F15-96E3-1AFBBEA333FC}.Debug|Any CPU.ActiveCfg = Debug|Any CPU
		{05CA4011-A2BC-4F15-96E3-1AFBBEA333FC}.Debug|Any CPU.Build.0 = Debug|Any CPU
		{05CA4011-A2BC-4F15-96E3-1AFBBEA333FC}.Release|Any CPU.ActiveCfg = Release|Any CPU
		{05CA4011-A2BC-4F15-96E3-1AFBBEA333FC}.Release|Any CPU.Build.0 = Release|Any CPU
		{9D605953-25C3-4800-8F66-C7A4CE152058}.Debug|Any CPU.ActiveCfg = Debug|Any CPU
		{9D605953-25C3-4800-8F66-C7A4CE152058}.Debug|Any CPU.Build.0 = Debug|Any CPU
		{9D605953-25C3-4800-8F66-C7A4CE152058}.Release|Any CPU.ActiveCfg = Release|Any CPU
		{9D605953-25C3-4800-8F66-C7A4CE152058}.Release|Any CPU.Build.0 = Release|Any CPU
		{F8B4F2CE-D23F-44D9-894E-4F561109AAF1}.Debug|Any CPU.ActiveCfg = Debug|Any CPU
		{F8B4F2CE-D23F-44D9-894E-4F561109AAF1}.Debug|Any CPU.Build.0 = Debug|Any CPU
		{F8B4F2CE-D23F-44D9-894E-4F561109AAF1}.Release|Any CPU.ActiveCfg = Release|Any CPU
		{F8B4F2CE-D23F-44D9-894E-4F561109AAF1}.Release|Any CPU.Build.0 = Release|Any CPU
		{73D8EE75-D6F4-4A98-86EA-6C4D5B1B3770}.Debug|Any CPU.ActiveCfg = Debug|Any CPU
		{73D8EE75-D6F4-4A98-86EA-6C4D5B1B3770}.Debug|Any CPU.Build.0 = Debug|Any CPU
		{73D8EE75-D6F4-4A98-86EA-6C4D5B1B3770}.Release|Any CPU.ActiveCfg = Release|Any CPU
		{73D8EE75-D6F4-4A98-86EA-6C4D5B1B3770}.Release|Any CPU.Build.0 = Release|Any CPU
		{320EB4E0-F9DC-4F8F-949D-9888EB3479C2}.Debug|Any CPU.ActiveCfg = Debug|Any CPU
		{320EB4E0-F9DC-4F8F-949D-9888EB3479C2}.Debug|Any CPU.Build.0 = Debug|Any CPU
		{320EB4E0-F9DC-4F8F-949D-9888EB3479C2}.Release|Any CPU.ActiveCfg = Release|Any CPU
		{320EB4E0-F9DC-4F8F-949D-9888EB3479C2}.Release|Any CPU.Build.0 = Release|Any CPU
		{FCEEBC92-BAF8-4D07-AD06-E97C66D44EB8}.Debug|Any CPU.ActiveCfg = Debug|Any CPU
		{FCEEBC92-BAF8-4D07-AD06-E97C66D44EB8}.Debug|Any CPU.Build.0 = Debug|Any CPU
		{FCEEBC92-BAF8-4D07-AD06-E97C66D44EB8}.Release|Any CPU.ActiveCfg = Release|Any CPU
		{FCEEBC92-BAF8-4D07-AD06-E97C66D44EB8}.Release|Any CPU.Build.0 = Release|Any CPU
		{6AFA7AA9-E454-4B9B-B639-E60013B46E5B}.Debug|Any CPU.ActiveCfg = Debug|Any CPU
		{6AFA7AA9-E454-4B9B-B639-E60013B46E5B}.Debug|Any CPU.Build.0 = Debug|Any CPU
		{6AFA7AA9-E454-4B9B-B639-E60013B46E5B}.Release|Any CPU.ActiveCfg = Release|Any CPU
		{6AFA7AA9-E454-4B9B-B639-E60013B46E5B}.Release|Any CPU.Build.0 = Release|Any CPU
		{D7D571E5-8B61-4E13-8A4C-CD436041D06C}.Debug|Any CPU.ActiveCfg = Debug|Any CPU
		{D7D571E5-8B61-4E13-8A4C-CD436041D06C}.Debug|Any CPU.Build.0 = Debug|Any CPU
		{D7D571E5-8B61-4E13-8A4C-CD436041D06C}.Release|Any CPU.ActiveCfg = Release|Any CPU
		{D7D571E5-8B61-4E13-8A4C-CD436041D06C}.Release|Any CPU.Build.0 = Release|Any CPU
		{752C21A8-B6B2-4CBE-B363-2CED8C443304}.Debug|Any CPU.ActiveCfg = Debug|Any CPU
		{752C21A8-B6B2-4CBE-B363-2CED8C443304}.Debug|Any CPU.Build.0 = Debug|Any CPU
		{752C21A8-B6B2-4CBE-B363-2CED8C443304}.Release|Any CPU.ActiveCfg = Release|Any CPU
		{752C21A8-B6B2-4CBE-B363-2CED8C443304}.Release|Any CPU.Build.0 = Release|Any CPU
		{CDD0820F-BC1D-4594-9937-5B7020C3BA3B}.Debug|Any CPU.ActiveCfg = Debug|Any CPU
		{CDD0820F-BC1D-4594-9937-5B7020C3BA3B}.Debug|Any CPU.Build.0 = Debug|Any CPU
		{CDD0820F-BC1D-4594-9937-5B7020C3BA3B}.Release|Any CPU.ActiveCfg = Release|Any CPU
		{CDD0820F-BC1D-4594-9937-5B7020C3BA3B}.Release|Any CPU.Build.0 = Release|Any CPU
		{7FFA7DA7-F181-4F76-950C-22EDA21F23C8}.Debug|Any CPU.ActiveCfg = Debug|Any CPU
		{7FFA7DA7-F181-4F76-950C-22EDA21F23C8}.Debug|Any CPU.Build.0 = Debug|Any CPU
		{7FFA7DA7-F181-4F76-950C-22EDA21F23C8}.Release|Any CPU.ActiveCfg = Release|Any CPU
		{7FFA7DA7-F181-4F76-950C-22EDA21F23C8}.Release|Any CPU.Build.0 = Release|Any CPU
		{9F82FCD5-4594-4273-9B0B-A2D7A0FEBB2F}.Debug|Any CPU.ActiveCfg = Debug|Any CPU
		{9F82FCD5-4594-4273-9B0B-A2D7A0FEBB2F}.Debug|Any CPU.Build.0 = Debug|Any CPU
		{9F82FCD5-4594-4273-9B0B-A2D7A0FEBB2F}.Release|Any CPU.ActiveCfg = Release|Any CPU
		{9F82FCD5-4594-4273-9B0B-A2D7A0FEBB2F}.Release|Any CPU.Build.0 = Release|Any CPU
		{AC50A337-4BC3-4A76-8A14-B627B2BDD95D}.Debug|Any CPU.ActiveCfg = Debug|Any CPU
		{AC50A337-4BC3-4A76-8A14-B627B2BDD95D}.Debug|Any CPU.Build.0 = Debug|Any CPU
		{AC50A337-4BC3-4A76-8A14-B627B2BDD95D}.Release|Any CPU.ActiveCfg = Release|Any CPU
		{AC50A337-4BC3-4A76-8A14-B627B2BDD95D}.Release|Any CPU.Build.0 = Release|Any CPU
		{F899B3AD-8353-4C15-AB84-DEFE9F8DE000}.Debug|Any CPU.ActiveCfg = Debug|Any CPU
		{F899B3AD-8353-4C15-AB84-DEFE9F8DE000}.Debug|Any CPU.Build.0 = Debug|Any CPU
		{F899B3AD-8353-4C15-AB84-DEFE9F8DE000}.Release|Any CPU.ActiveCfg = Release|Any CPU
		{F899B3AD-8353-4C15-AB84-DEFE9F8DE000}.Release|Any CPU.Build.0 = Release|Any CPU
		{920BE4CC-B64E-47E4-9563-D03B792C72E7}.Debug|Any CPU.ActiveCfg = Debug|Any CPU
		{920BE4CC-B64E-47E4-9563-D03B792C72E7}.Debug|Any CPU.Build.0 = Debug|Any CPU
		{920BE4CC-B64E-47E4-9563-D03B792C72E7}.Release|Any CPU.ActiveCfg = Release|Any CPU
		{920BE4CC-B64E-47E4-9563-D03B792C72E7}.Release|Any CPU.Build.0 = Release|Any CPU
		{09DB2105-F25B-4ACD-B1B6-5106E4078981}.Debug|Any CPU.ActiveCfg = Debug|Any CPU
		{09DB2105-F25B-4ACD-B1B6-5106E4078981}.Debug|Any CPU.Build.0 = Debug|Any CPU
		{09DB2105-F25B-4ACD-B1B6-5106E4078981}.Release|Any CPU.ActiveCfg = Release|Any CPU
		{09DB2105-F25B-4ACD-B1B6-5106E4078981}.Release|Any CPU.Build.0 = Release|Any CPU
		{665A4115-F682-4D8E-BFD2-F814C6AE5BD9}.Debug|Any CPU.ActiveCfg = Debug|Any CPU
		{665A4115-F682-4D8E-BFD2-F814C6AE5BD9}.Debug|Any CPU.Build.0 = Debug|Any CPU
		{665A4115-F682-4D8E-BFD2-F814C6AE5BD9}.Release|Any CPU.ActiveCfg = Release|Any CPU
		{665A4115-F682-4D8E-BFD2-F814C6AE5BD9}.Release|Any CPU.Build.0 = Release|Any CPU
		{AF0C5D17-1703-43E6-B6D8-D33B2FEC18C6}.Debug|Any CPU.ActiveCfg = Debug|Any CPU
		{AF0C5D17-1703-43E6-B6D8-D33B2FEC18C6}.Debug|Any CPU.Build.0 = Debug|Any CPU
		{AF0C5D17-1703-43E6-B6D8-D33B2FEC18C6}.Release|Any CPU.ActiveCfg = Release|Any CPU
		{AF0C5D17-1703-43E6-B6D8-D33B2FEC18C6}.Release|Any CPU.Build.0 = Release|Any CPU
		{2D02A687-11EC-41C0-821A-2328E2CE16D2}.Debug|Any CPU.ActiveCfg = Debug|Any CPU
		{2D02A687-11EC-41C0-821A-2328E2CE16D2}.Debug|Any CPU.Build.0 = Debug|Any CPU
		{2D02A687-11EC-41C0-821A-2328E2CE16D2}.Release|Any CPU.ActiveCfg = Release|Any CPU
		{2D02A687-11EC-41C0-821A-2328E2CE16D2}.Release|Any CPU.Build.0 = Release|Any CPU
		{62F1419F-82DF-485A-A9A3-EFBA7BFFC38D}.Debug|Any CPU.ActiveCfg = Debug|Any CPU
		{62F1419F-82DF-485A-A9A3-EFBA7BFFC38D}.Debug|Any CPU.Build.0 = Debug|Any CPU
		{62F1419F-82DF-485A-A9A3-EFBA7BFFC38D}.Release|Any CPU.ActiveCfg = Release|Any CPU
		{62F1419F-82DF-485A-A9A3-EFBA7BFFC38D}.Release|Any CPU.Build.0 = Release|Any CPU
		{BFA46BB9-3B88-436C-8870-8B04AD93FFC1}.Debug|Any CPU.ActiveCfg = Debug|Any CPU
		{BFA46BB9-3B88-436C-8870-8B04AD93FFC1}.Debug|Any CPU.Build.0 = Debug|Any CPU
		{BFA46BB9-3B88-436C-8870-8B04AD93FFC1}.Release|Any CPU.ActiveCfg = Release|Any CPU
		{BFA46BB9-3B88-436C-8870-8B04AD93FFC1}.Release|Any CPU.Build.0 = Release|Any CPU
		{E99FCF11-0A2F-42F4-928D-D5A0624C7FDB}.Debug|Any CPU.ActiveCfg = Debug|Any CPU
		{E99FCF11-0A2F-42F4-928D-D5A0624C7FDB}.Debug|Any CPU.Build.0 = Debug|Any CPU
		{E99FCF11-0A2F-42F4-928D-D5A0624C7FDB}.Release|Any CPU.ActiveCfg = Release|Any CPU
		{E99FCF11-0A2F-42F4-928D-D5A0624C7FDB}.Release|Any CPU.Build.0 = Release|Any CPU
		{02ADFDA7-7658-4019-81F1-81ADE3FBA885}.Debug|Any CPU.ActiveCfg = Debug|Any CPU
		{02ADFDA7-7658-4019-81F1-81ADE3FBA885}.Debug|Any CPU.Build.0 = Debug|Any CPU
		{02ADFDA7-7658-4019-81F1-81ADE3FBA885}.Release|Any CPU.ActiveCfg = Release|Any CPU
		{02ADFDA7-7658-4019-81F1-81ADE3FBA885}.Release|Any CPU.Build.0 = Release|Any CPU
		{9419A3B4-DA4E-49D6-B0EE-F9A5B364DEB6}.Debug|Any CPU.ActiveCfg = Debug|Any CPU
		{9419A3B4-DA4E-49D6-B0EE-F9A5B364DEB6}.Debug|Any CPU.Build.0 = Debug|Any CPU
		{9419A3B4-DA4E-49D6-B0EE-F9A5B364DEB6}.Release|Any CPU.ActiveCfg = Release|Any CPU
		{9419A3B4-DA4E-49D6-B0EE-F9A5B364DEB6}.Release|Any CPU.Build.0 = Release|Any CPU
		{D8BF4931-E018-4634-A749-DC73BF632A11}.Debug|Any CPU.ActiveCfg = Debug|Any CPU
		{D8BF4931-E018-4634-A749-DC73BF632A11}.Debug|Any CPU.Build.0 = Debug|Any CPU
		{D8BF4931-E018-4634-A749-DC73BF632A11}.Release|Any CPU.ActiveCfg = Release|Any CPU
		{D8BF4931-E018-4634-A749-DC73BF632A11}.Release|Any CPU.Build.0 = Release|Any CPU
		{83E7D96C-6734-4228-8654-AC61A2FA4B46}.Debug|Any CPU.ActiveCfg = Debug|Any CPU
		{83E7D96C-6734-4228-8654-AC61A2FA4B46}.Debug|Any CPU.Build.0 = Debug|Any CPU
		{83E7D96C-6734-4228-8654-AC61A2FA4B46}.Release|Any CPU.ActiveCfg = Release|Any CPU
		{83E7D96C-6734-4228-8654-AC61A2FA4B46}.Release|Any CPU.Build.0 = Release|Any CPU
		{F7A66FDD-6EFA-4042-AD3D-EA491BCC45DF}.Debug|Any CPU.ActiveCfg = Debug|Any CPU
		{F7A66FDD-6EFA-4042-AD3D-EA491BCC45DF}.Debug|Any CPU.Build.0 = Debug|Any CPU
		{F7A66FDD-6EFA-4042-AD3D-EA491BCC45DF}.Release|Any CPU.ActiveCfg = Release|Any CPU
		{F7A66FDD-6EFA-4042-AD3D-EA491BCC45DF}.Release|Any CPU.Build.0 = Release|Any CPU
		{A495E156-A0D3-4DCF-A49A-AD46AFE3B9A3}.Debug|Any CPU.ActiveCfg = Debug|Any CPU
		{A495E156-A0D3-4DCF-A49A-AD46AFE3B9A3}.Debug|Any CPU.Build.0 = Debug|Any CPU
		{A495E156-A0D3-4DCF-A49A-AD46AFE3B9A3}.Release|Any CPU.ActiveCfg = Release|Any CPU
		{A495E156-A0D3-4DCF-A49A-AD46AFE3B9A3}.Release|Any CPU.Build.0 = Release|Any CPU
		{5C8924F2-E4EE-4F08-AF3E-A8B8799DFC02}.Debug|Any CPU.ActiveCfg = Debug|Any CPU
		{5C8924F2-E4EE-4F08-AF3E-A8B8799DFC02}.Debug|Any CPU.Build.0 = Debug|Any CPU
		{5C8924F2-E4EE-4F08-AF3E-A8B8799DFC02}.Release|Any CPU.ActiveCfg = Release|Any CPU
		{5C8924F2-E4EE-4F08-AF3E-A8B8799DFC02}.Release|Any CPU.Build.0 = Release|Any CPU
		{6FB386CE-0528-4891-B526-F3410E1E4C14}.Debug|Any CPU.ActiveCfg = Debug|Any CPU
		{6FB386CE-0528-4891-B526-F3410E1E4C14}.Debug|Any CPU.Build.0 = Debug|Any CPU
		{6FB386CE-0528-4891-B526-F3410E1E4C14}.Release|Any CPU.ActiveCfg = Release|Any CPU
		{6FB386CE-0528-4891-B526-F3410E1E4C14}.Release|Any CPU.Build.0 = Release|Any CPU
		{EE1E8EE8-4816-4D66-853A-1710E79B5FAE}.Debug|Any CPU.ActiveCfg = Debug|Any CPU
		{EE1E8EE8-4816-4D66-853A-1710E79B5FAE}.Debug|Any CPU.Build.0 = Debug|Any CPU
		{EE1E8EE8-4816-4D66-853A-1710E79B5FAE}.Release|Any CPU.ActiveCfg = Release|Any CPU
		{EE1E8EE8-4816-4D66-853A-1710E79B5FAE}.Release|Any CPU.Build.0 = Release|Any CPU
		{EB242609-BC73-47BE-AF67-768EA6319186}.Debug|Any CPU.ActiveCfg = Debug|Any CPU
		{EB242609-BC73-47BE-AF67-768EA6319186}.Debug|Any CPU.Build.0 = Debug|Any CPU
		{EB242609-BC73-47BE-AF67-768EA6319186}.Release|Any CPU.ActiveCfg = Release|Any CPU
		{EB242609-BC73-47BE-AF67-768EA6319186}.Release|Any CPU.Build.0 = Release|Any CPU
		{335A7630-64B1-4070-A997-3D44A3AFE2BF}.Debug|Any CPU.ActiveCfg = Debug|Any CPU
		{335A7630-64B1-4070-A997-3D44A3AFE2BF}.Debug|Any CPU.Build.0 = Debug|Any CPU
		{335A7630-64B1-4070-A997-3D44A3AFE2BF}.Release|Any CPU.ActiveCfg = Release|Any CPU
		{335A7630-64B1-4070-A997-3D44A3AFE2BF}.Release|Any CPU.Build.0 = Release|Any CPU
		{6BB1509B-BCBC-48AD-8AC3-2DC14E60CA84}.Debug|Any CPU.ActiveCfg = Debug|Any CPU
		{6BB1509B-BCBC-48AD-8AC3-2DC14E60CA84}.Debug|Any CPU.Build.0 = Debug|Any CPU
		{6BB1509B-BCBC-48AD-8AC3-2DC14E60CA84}.Release|Any CPU.ActiveCfg = Release|Any CPU
		{6BB1509B-BCBC-48AD-8AC3-2DC14E60CA84}.Release|Any CPU.Build.0 = Release|Any CPU
	EndGlobalSection
	GlobalSection(SolutionProperties) = preSolution
		HideSolutionNode = FALSE
	EndGlobalSection
	GlobalSection(NestedProjects) = preSolution
		{D9846BFF-C6F0-4C63-A630-BE0AAEBF7D5A} = {B44B0DF2-979E-4BEE-B1E4-3B1928B23638}
		{827BFEBC-F8FC-48ED-8FF4-866E9EB894B2} = {B44B0DF2-979E-4BEE-B1E4-3B1928B23638}
		{42E5FFD6-B902-4563-9C57-9A9CC158F2B4} = {B44B0DF2-979E-4BEE-B1E4-3B1928B23638}
		{F92DFA69-3FDA-450C-874F-2E195879D043} = {B44B0DF2-979E-4BEE-B1E4-3B1928B23638}
		{809F36E5-F7A2-4946-A369-B845F90DD9EE} = {B44B0DF2-979E-4BEE-B1E4-3B1928B23638}
		{AEA025F1-5304-45AD-B1F1-7F7973EE6AED} = {B44B0DF2-979E-4BEE-B1E4-3B1928B23638}
		{16D8DE42-25F5-4FD9-87D4-0FB1ABFA3EE2} = {2E1072E0-A634-4F28-ACE6-B45E05BFEC8B}
		{71278842-0445-4429-801A-CBE039A31F9E} = {5CFB382A-20C4-4031-A42B-5B4AFD6501DD}
		{75B2E52A-C4B9-49A2-9296-EDEA1F985149} = {5CFB382A-20C4-4031-A42B-5B4AFD6501DD}
		{05CA4011-A2BC-4F15-96E3-1AFBBEA333FC} = {B44B0DF2-979E-4BEE-B1E4-3B1928B23638}
		{9D605953-25C3-4800-8F66-C7A4CE152058} = {B44B0DF2-979E-4BEE-B1E4-3B1928B23638}
		{F8B4F2CE-D23F-44D9-894E-4F561109AAF1} = {5CFB382A-20C4-4031-A42B-5B4AFD6501DD}
		{73D8EE75-D6F4-4A98-86EA-6C4D5B1B3770} = {B44B0DF2-979E-4BEE-B1E4-3B1928B23638}
		{320EB4E0-F9DC-4F8F-949D-9888EB3479C2} = {D494C3BD-C224-4F0B-9F80-E557C5004D34}
		{FCEEBC92-BAF8-4D07-AD06-E97C66D44EB8} = {D494C3BD-C224-4F0B-9F80-E557C5004D34}
		{6AFA7AA9-E454-4B9B-B639-E60013B46E5B} = {D494C3BD-C224-4F0B-9F80-E557C5004D34}
		{D7D571E5-8B61-4E13-8A4C-CD436041D06C} = {D494C3BD-C224-4F0B-9F80-E557C5004D34}
		{752C21A8-B6B2-4CBE-B363-2CED8C443304} = {D494C3BD-C224-4F0B-9F80-E557C5004D34}
		{CDD0820F-BC1D-4594-9937-5B7020C3BA3B} = {D494C3BD-C224-4F0B-9F80-E557C5004D34}
		{7FFA7DA7-F181-4F76-950C-22EDA21F23C8} = {D494C3BD-C224-4F0B-9F80-E557C5004D34}
		{9F82FCD5-4594-4273-9B0B-A2D7A0FEBB2F} = {D494C3BD-C224-4F0B-9F80-E557C5004D34}
		{AC50A337-4BC3-4A76-8A14-B627B2BDD95D} = {B44B0DF2-979E-4BEE-B1E4-3B1928B23638}
		{F899B3AD-8353-4C15-AB84-DEFE9F8DE000} = {D494C3BD-C224-4F0B-9F80-E557C5004D34}
		{920BE4CC-B64E-47E4-9563-D03B792C72E7} = {D494C3BD-C224-4F0B-9F80-E557C5004D34}
		{09DB2105-F25B-4ACD-B1B6-5106E4078981} = {5CFB382A-20C4-4031-A42B-5B4AFD6501DD}
		{665A4115-F682-4D8E-BFD2-F814C6AE5BD9} = {D494C3BD-C224-4F0B-9F80-E557C5004D34}
		{AF0C5D17-1703-43E6-B6D8-D33B2FEC18C6} = {D494C3BD-C224-4F0B-9F80-E557C5004D34}
		{2D02A687-11EC-41C0-821A-2328E2CE16D2} = {D494C3BD-C224-4F0B-9F80-E557C5004D34}
		{62F1419F-82DF-485A-A9A3-EFBA7BFFC38D} = {D494C3BD-C224-4F0B-9F80-E557C5004D34}
		{BFA46BB9-3B88-436C-8870-8B04AD93FFC1} = {D494C3BD-C224-4F0B-9F80-E557C5004D34}
		{E99FCF11-0A2F-42F4-928D-D5A0624C7FDB} = {D494C3BD-C224-4F0B-9F80-E557C5004D34}
		{D57C9D1C-979D-4E23-9AC4-AE913579D7BA} = {D494C3BD-C224-4F0B-9F80-E557C5004D34}
		{02ADFDA7-7658-4019-81F1-81ADE3FBA885} = {D57C9D1C-979D-4E23-9AC4-AE913579D7BA}
		{9419A3B4-DA4E-49D6-B0EE-F9A5B364DEB6} = {D57C9D1C-979D-4E23-9AC4-AE913579D7BA}
		{D8BF4931-E018-4634-A749-DC73BF632A11} = {D57C9D1C-979D-4E23-9AC4-AE913579D7BA}
		{83E7D96C-6734-4228-8654-AC61A2FA4B46} = {D494C3BD-C224-4F0B-9F80-E557C5004D34}
		{F7A66FDD-6EFA-4042-AD3D-EA491BCC45DF} = {D494C3BD-C224-4F0B-9F80-E557C5004D34}
		{A495E156-A0D3-4DCF-A49A-AD46AFE3B9A3} = {D494C3BD-C224-4F0B-9F80-E557C5004D34}
		{5C8924F2-E4EE-4F08-AF3E-A8B8799DFC02} = {D494C3BD-C224-4F0B-9F80-E557C5004D34}
		{6FB386CE-0528-4891-B526-F3410E1E4C14} = {D494C3BD-C224-4F0B-9F80-E557C5004D34}
		{EE1E8EE8-4816-4D66-853A-1710E79B5FAE} = {D494C3BD-C224-4F0B-9F80-E557C5004D34}
		{EB242609-BC73-47BE-AF67-768EA6319186} = {5CFB382A-20C4-4031-A42B-5B4AFD6501DD}
		{335A7630-64B1-4070-A997-3D44A3AFE2BF} = {5CFB382A-20C4-4031-A42B-5B4AFD6501DD}
		{6BB1509B-BCBC-48AD-8AC3-2DC14E60CA84} = {5CFB382A-20C4-4031-A42B-5B4AFD6501DD}
	EndGlobalSection
	GlobalSection(ExtensibilityGlobals) = postSolution
		SolutionGuid = {00D78C3D-8536-4549-B1EE-C19BD0C50387}
	EndGlobalSection
EndGlobal
